
Microsoft Visual Studio Solution File, Format Version 12.00
# Visual Studio Version 17
VisualStudioVersion = 17.0.31903.59
MinimumVisualStudioVersion = 10.0.40219.1
Project("{2150E333-8FDC-42A3-9474-1A3956D46DE8}") = "src", "src", "{827E0CD3-B72D-47B6-A68D-7590B98EB39B}"
EndProject
Project("{FAE04EC0-301F-11D3-BF4B-00C04F79EFBC}") = "Simulator.Platform", "src\Simulator.Platform\Simulator.Platform.csproj", "{03CC42A2-7664-4B95-BFD9-551A2B7EEC2E}"
EndProject
Project("{FAE04EC0-301F-11D3-BF4B-00C04F79EFBC}") = "Simulator.OpenTk", "src\Simulator.OpenTk\Simulator.OpenTk.csproj", "{4D864CDD-D887-4E15-9FFD-1AFDE47D61EB}"
EndProject
Project("{FAE04EC0-301F-11D3-BF4B-00C04F79EFBC}") = "Simulator.Core", "src\Simulator.Core\Simulator.Core.csproj", "{A53825B4-E8A6-4A94-8016-3F3405EADCF9}"
EndProject
Project("{FAE04EC0-301F-11D3-BF4B-00C04F79EFBC}") = "Simulator.Assets", "src\Simulator.Assets\Simulator.Assets.csproj", "{1F0756E7-332B-44C7-9EC7-EDADE05CCE0E}"
EndProject
Project("{FAE04EC0-301F-11D3-BF4B-00C04F79EFBC}") = "Simulator.Editors", "src\Simulator.Editors\Simulator.Editors.csproj", "{ADECC239-6FCC-4FAC-8A1F-329FC1FB0EBE}"
EndProject
Project("{2150E333-8FDC-42A3-9474-1A3956D46DE8}") = "Simulator.LoadLargeTerrain", "Simulator.LoadLargeTerrain", "{4D1375A5-BA09-1F76-F437-B7AA1C08D2E1}"
EndProject
Project("{FAE04EC0-301F-11D3-BF4B-00C04F79EFBC}") = "LoadLargeTerrain", "src\Simulator.LoadLargeTerrain\LoadLargeTerrain.csproj", "{4C8967D1-9F9A-48B8-AA58-2B50BB620EAD}"
EndProject
Project("{FAE04EC0-301F-11D3-BF4B-00C04F79EFBC}") = "Simulator.Decision", "src\Simulator.Decision\Simulator.Decision.csproj", "{ADD76EDA-30DB-46F9-8640-591AB496EFEB}"
EndProject
Project("{FAE04EC0-301F-11D3-BF4B-00C04F79EFBC}") = "Simulator.Runtime", "src\Simulator.Runtime\Simulator.Runtime.csproj", "{997BFE3A-F133-43D4-8789-D0D6BD3E4731}"
EndProject
Project("{FAE04EC0-301F-11D3-BF4B-00C04F79EFBC}") = "Simulator.Linux", "src\Simulator.Linux\Simulator.Linux.csproj", "{690C49E7-356B-408B-A20A-E04A289D19A3}"
EndProject
Project("{FAE04EC0-301F-11D3-BF4B-00C04F79EFBC}") = "Simulator.AutoAimCalibrationTool", "src\Simulator.AutoAimCalibrationTool\Simulator.AutoAimCalibrationTool.csproj", "{773F5C98-0835-46F1-BAAE-FEAD8A2E821F}"
EndProject
Global
	GlobalSection(SolutionConfigurationPlatforms) = preSolution
		Debug|Any CPU = Debug|Any CPU
		Debug|x64 = Debug|x64
		Debug|x86 = Debug|x86
		Release|Any CPU = Release|Any CPU
		Release|x64 = Release|x64
		Release|x86 = Release|x86
	EndGlobalSection
	GlobalSection(ProjectConfigurationPlatforms) = postSolution
		{03CC42A2-7664-4B95-BFD9-551A2B7EEC2E}.Debug|Any CPU.ActiveCfg = Debug|Any CPU
		{03CC42A2-7664-4B95-BFD9-551A2B7EEC2E}.Debug|Any CPU.Build.0 = Debug|Any CPU
		{03CC42A2-7664-4B95-BFD9-551A2B7EEC2E}.Debug|x64.ActiveCfg = Debug|Any CPU
		{03CC42A2-7664-4B95-BFD9-551A2B7EEC2E}.Debug|x64.Build.0 = Debug|Any CPU
		{03CC42A2-7664-4B95-BFD9-551A2B7EEC2E}.Debug|x86.ActiveCfg = Debug|Any CPU
		{03CC42A2-7664-4B95-BFD9-551A2B7EEC2E}.Debug|x86.Build.0 = Debug|Any CPU
		{03CC42A2-7664-4B95-BFD9-551A2B7EEC2E}.Release|Any CPU.ActiveCfg = Release|Any CPU
		{03CC42A2-7664-4B95-BFD9-551A2B7EEC2E}.Release|Any CPU.Build.0 = Release|Any CPU
		{03CC42A2-7664-4B95-BFD9-551A2B7EEC2E}.Release|x64.ActiveCfg = Release|Any CPU
		{03CC42A2-7664-4B95-BFD9-551A2B7EEC2E}.Release|x64.Build.0 = Release|Any CPU
		{03CC42A2-7664-4B95-BFD9-551A2B7EEC2E}.Release|x86.ActiveCfg = Release|Any CPU
		{03CC42A2-7664-4B95-BFD9-551A2B7EEC2E}.Release|x86.Build.0 = Release|Any CPU
		{4D864CDD-D887-4E15-9FFD-1AFDE47D61EB}.Debug|Any CPU.ActiveCfg = Debug|Any CPU
		{4D864CDD-D887-4E15-9FFD-1AFDE47D61EB}.Debug|Any CPU.Build.0 = Debug|Any CPU
		{4D864CDD-D887-4E15-9FFD-1AFDE47D61EB}.Debug|x64.ActiveCfg = Debug|Any CPU
		{4D864CDD-D887-4E15-9FFD-1AFDE47D61EB}.Debug|x64.Build.0 = Debug|Any CPU
		{4D864CDD-D887-4E15-9FFD-1AFDE47D61EB}.Debug|x86.ActiveCfg = Debug|Any CPU
		{4D864CDD-D887-4E15-9FFD-1AFDE47D61EB}.Debug|x86.Build.0 = Debug|Any CPU
		{4D864CDD-D887-4E15-9FFD-1AFDE47D61EB}.Release|Any CPU.ActiveCfg = Release|Any CPU
		{4D864CDD-D887-4E15-9FFD-1AFDE47D61EB}.Release|Any CPU.Build.0 = Release|Any CPU
		{4D864CDD-D887-4E15-9FFD-1AFDE47D61EB}.Release|x64.ActiveCfg = Release|Any CPU
		{4D864CDD-D887-4E15-9FFD-1AFDE47D61EB}.Release|x64.Build.0 = Release|Any CPU
		{4D864CDD-D887-4E15-9FFD-1AFDE47D61EB}.Release|x86.ActiveCfg = Release|Any CPU
		{4D864CDD-D887-4E15-9FFD-1AFDE47D61EB}.Release|x86.Build.0 = Release|Any CPU
		{A53825B4-E8A6-4A94-8016-3F3405EADCF9}.Debug|Any CPU.ActiveCfg = Debug|Any CPU
		{A53825B4-E8A6-4A94-8016-3F3405EADCF9}.Debug|Any CPU.Build.0 = Debug|Any CPU
		{A53825B4-E8A6-4A94-8016-3F3405EADCF9}.Debug|x64.ActiveCfg = Debug|Any CPU
		{A53825B4-E8A6-4A94-8016-3F3405EADCF9}.Debug|x64.Build.0 = Debug|Any CPU
		{A53825B4-E8A6-4A94-8016-3F3405EADCF9}.Debug|x86.ActiveCfg = Debug|Any CPU
		{A53825B4-E8A6-4A94-8016-3F3405EADCF9}.Debug|x86.Build.0 = Debug|Any CPU
		{A53825B4-E8A6-4A94-8016-3F3405EADCF9}.Release|Any CPU.ActiveCfg = Release|Any CPU
		{A53825B4-E8A6-4A94-8016-3F3405EADCF9}.Release|Any CPU.Build.0 = Release|Any CPU
		{A53825B4-E8A6-4A94-8016-3F3405EADCF9}.Release|x64.ActiveCfg = Release|Any CPU
		{A53825B4-E8A6-4A94-8016-3F3405EADCF9}.Release|x64.Build.0 = Release|Any CPU
		{A53825B4-E8A6-4A94-8016-3F3405EADCF9}.Release|x86.ActiveCfg = Release|Any CPU
		{A53825B4-E8A6-4A94-8016-3F3405EADCF9}.Release|x86.Build.0 = Release|Any CPU
		{1F0756E7-332B-44C7-9EC7-EDADE05CCE0E}.Debug|Any CPU.ActiveCfg = Debug|Any CPU
		{1F0756E7-332B-44C7-9EC7-EDADE05CCE0E}.Debug|Any CPU.Build.0 = Debug|Any CPU
		{1F0756E7-332B-44C7-9EC7-EDADE05CCE0E}.Debug|x64.ActiveCfg = Debug|Any CPU
		{1F0756E7-332B-44C7-9EC7-EDADE05CCE0E}.Debug|x64.Build.0 = Debug|Any CPU
		{1F0756E7-332B-44C7-9EC7-EDADE05CCE0E}.Debug|x86.ActiveCfg = Debug|Any CPU
		{1F0756E7-332B-44C7-9EC7-EDADE05CCE0E}.Debug|x86.Build.0 = Debug|Any CPU
		{1F0756E7-332B-44C7-9EC7-EDADE05CCE0E}.Release|Any CPU.ActiveCfg = Release|Any CPU
		{1F0756E7-332B-44C7-9EC7-EDADE05CCE0E}.Release|Any CPU.Build.0 = Release|Any CPU
		{1F0756E7-332B-44C7-9EC7-EDADE05CCE0E}.Release|x64.ActiveCfg = Release|Any CPU
		{1F0756E7-332B-44C7-9EC7-EDADE05CCE0E}.Release|x64.Build.0 = Release|Any CPU
		{1F0756E7-332B-44C7-9EC7-EDADE05CCE0E}.Release|x86.ActiveCfg = Release|Any CPU
		{1F0756E7-332B-44C7-9EC7-EDADE05CCE0E}.Release|x86.Build.0 = Release|Any CPU
		{ADECC239-6FCC-4FAC-8A1F-329FC1FB0EBE}.Debug|Any CPU.ActiveCfg = Debug|Any CPU
		{ADECC239-6FCC-4FAC-8A1F-329FC1FB0EBE}.Debug|Any CPU.Build.0 = Debug|Any CPU
		{ADECC239-6FCC-4FAC-8A1F-329FC1FB0EBE}.Debug|x64.ActiveCfg = Debug|Any CPU
		{ADECC239-6FCC-4FAC-8A1F-329FC1FB0EBE}.Debug|x64.Build.0 = Debug|Any CPU
		{ADECC239-6FCC-4FAC-8A1F-329FC1FB0EBE}.Debug|x86.ActiveCfg = Debug|Any CPU
		{ADECC239-6FCC-4FAC-8A1F-329FC1FB0EBE}.Debug|x86.Build.0 = Debug|Any CPU
		{ADECC239-6FCC-4FAC-8A1F-329FC1FB0EBE}.Release|Any CPU.ActiveCfg = Release|Any CPU
		{ADECC239-6FCC-4FAC-8A1F-329FC1FB0EBE}.Release|Any CPU.Build.0 = Release|Any CPU
		{ADECC239-6FCC-4FAC-8A1F-329FC1FB0EBE}.Release|x64.ActiveCfg = Release|Any CPU
		{ADECC239-6FCC-4FAC-8A1F-329FC1FB0EBE}.Release|x64.Build.0 = Release|Any CPU
		{ADECC239-6FCC-4FAC-8A1F-329FC1FB0EBE}.Release|x86.ActiveCfg = Release|Any CPU
		{ADECC239-6FCC-4FAC-8A1F-329FC1FB0EBE}.Release|x86.Build.0 = Release|Any CPU
		{4C8967D1-9F9A-48B8-AA58-2B50BB620EAD}.Debug|Any CPU.ActiveCfg = Debug|Any CPU
		{4C8967D1-9F9A-48B8-AA58-2B50BB620EAD}.Debug|Any CPU.Build.0 = Debug|Any CPU
		{4C8967D1-9F9A-48B8-AA58-2B50BB620EAD}.Debug|x64.ActiveCfg = Debug|Any CPU
		{4C8967D1-9F9A-48B8-AA58-2B50BB620EAD}.Debug|x64.Build.0 = Debug|Any CPU
		{4C8967D1-9F9A-48B8-AA58-2B50BB620EAD}.Debug|x86.ActiveCfg = Debug|Any CPU
		{4C8967D1-9F9A-48B8-AA58-2B50BB620EAD}.Debug|x86.Build.0 = Debug|Any CPU
		{4C8967D1-9F9A-48B8-AA58-2B50BB620EAD}.Release|Any CPU.ActiveCfg = Release|Any CPU
		{4C8967D1-9F9A-48B8-AA58-2B50BB620EAD}.Release|Any CPU.Build.0 = Release|Any CPU
		{4C8967D1-9F9A-48B8-AA58-2B50BB620EAD}.Release|x64.ActiveCfg = Release|Any CPU
		{4C8967D1-9F9A-48B8-AA58-2B50BB620EAD}.Release|x64.Build.0 = Release|Any CPU
		{4C8967D1-9F9A-48B8-AA58-2B50BB620EAD}.Release|x86.ActiveCfg = Release|Any CPU
		{4C8967D1-9F9A-48B8-AA58-2B50BB620EAD}.Release|x86.Build.0 = Release|Any CPU
		{ADD76EDA-30DB-46F9-8640-591AB496EFEB}.Debug|Any CPU.ActiveCfg = Debug|Any CPU
		{ADD76EDA-30DB-46F9-8640-591AB496EFEB}.Debug|Any CPU.Build.0 = Debug|Any CPU
		{ADD76EDA-30DB-46F9-8640-591AB496EFEB}.Debug|x64.ActiveCfg = Debug|Any CPU
		{ADD76EDA-30DB-46F9-8640-591AB496EFEB}.Debug|x64.Build.0 = Debug|Any CPU
		{ADD76EDA-30DB-46F9-8640-591AB496EFEB}.Debug|x86.ActiveCfg = Debug|Any CPU
		{ADD76EDA-30DB-46F9-8640-591AB496EFEB}.Debug|x86.Build.0 = Debug|Any CPU
		{ADD76EDA-30DB-46F9-8640-591AB496EFEB}.Release|Any CPU.ActiveCfg = Release|Any CPU
		{ADD76EDA-30DB-46F9-8640-591AB496EFEB}.Release|Any CPU.Build.0 = Release|Any CPU
		{ADD76EDA-30DB-46F9-8640-591AB496EFEB}.Release|x64.ActiveCfg = Release|Any CPU
		{ADD76EDA-30DB-46F9-8640-591AB496EFEB}.Release|x64.Build.0 = Release|Any CPU
		{ADD76EDA-30DB-46F9-8640-591AB496EFEB}.Release|x86.ActiveCfg = Release|Any CPU
		{ADD76EDA-30DB-46F9-8640-591AB496EFEB}.Release|x86.Build.0 = Release|Any CPU
		{997BFE3A-F133-43D4-8789-D0D6BD3E4731}.Debug|Any CPU.ActiveCfg = Debug|Any CPU
		{997BFE3A-F133-43D4-8789-D0D6BD3E4731}.Debug|Any CPU.Build.0 = Debug|Any CPU
		{997BFE3A-F133-43D4-8789-D0D6BD3E4731}.Debug|x64.ActiveCfg = Debug|Any CPU
		{997BFE3A-F133-43D4-8789-D0D6BD3E4731}.Debug|x64.Build.0 = Debug|Any CPU
		{997BFE3A-F133-43D4-8789-D0D6BD3E4731}.Debug|x86.ActiveCfg = Debug|Any CPU
		{997BFE3A-F133-43D4-8789-D0D6BD3E4731}.Debug|x86.Build.0 = Debug|Any CPU
		{997BFE3A-F133-43D4-8789-D0D6BD3E4731}.Release|Any CPU.ActiveCfg = Release|Any CPU
		{997BFE3A-F133-43D4-8789-D0D6BD3E4731}.Release|Any CPU.Build.0 = Release|Any CPU
		{997BFE3A-F133-43D4-8789-D0D6BD3E4731}.Release|x64.ActiveCfg = Release|Any CPU
		{997BFE3A-F133-43D4-8789-D0D6BD3E4731}.Release|x64.Build.0 = Release|Any CPU
		{997BFE3A-F133-43D4-8789-D0D6BD3E4731}.Release|x86.ActiveCfg = Release|Any CPU
		{997BFE3A-F133-43D4-8789-D0D6BD3E4731}.Release|x86.Build.0 = Release|Any CPU
		{690C49E7-356B-408B-A20A-E04A289D19A3}.Debug|Any CPU.ActiveCfg = Debug|Any CPU
		{690C49E7-356B-408B-A20A-E04A289D19A3}.Debug|Any CPU.Build.0 = Debug|Any CPU
		{690C49E7-356B-408B-A20A-E04A289D19A3}.Debug|x64.ActiveCfg = Debug|Any CPU
		{690C49E7-356B-408B-A20A-E04A289D19A3}.Debug|x64.Build.0 = Debug|Any CPU
		{690C49E7-356B-408B-A20A-E04A289D19A3}.Debug|x86.ActiveCfg = Debug|Any CPU
		{690C49E7-356B-408B-A20A-E04A289D19A3}.Debug|x86.Build.0 = Debug|Any CPU
		{690C49E7-356B-408B-A20A-E04A289D19A3}.Release|Any CPU.ActiveCfg = Release|Any CPU
		{690C49E7-356B-408B-A20A-E04A289D19A3}.Release|Any CPU.Build.0 = Release|Any CPU
		{690C49E7-356B-408B-A20A-E04A289D19A3}.Release|x64.ActiveCfg = Release|Any CPU
		{690C49E7-356B-408B-A20A-E04A289D19A3}.Release|x64.Build.0 = Release|Any CPU
		{690C49E7-356B-408B-A20A-E04A289D19A3}.Release|x86.ActiveCfg = Release|Any CPU
		{690C49E7-356B-408B-A20A-E04A289D19A3}.Release|x86.Build.0 = Release|Any CPU
		{773F5C98-0835-46F1-BAAE-FEAD8A2E821F}.Debug|Any CPU.ActiveCfg = Debug|Any CPU
		{773F5C98-0835-46F1-BAAE-FEAD8A2E821F}.Debug|Any CPU.Build.0 = Debug|Any CPU
		{773F5C98-0835-46F1-BAAE-FEAD8A2E821F}.Debug|x64.ActiveCfg = Debug|Any CPU
		{773F5C98-0835-46F1-BAAE-FEAD8A2E821F}.Debug|x64.Build.0 = Debug|Any CPU
		{773F5C98-0835-46F1-BAAE-FEAD8A2E821F}.Debug|x86.ActiveCfg = Debug|Any CPU
		{773F5C98-0835-46F1-BAAE-FEAD8A2E821F}.Debug|x86.Build.0 = Debug|Any CPU
		{773F5C98-0835-46F1-BAAE-FEAD8A2E821F}.Release|Any CPU.ActiveCfg = Release|Any CPU
		{773F5C98-0835-46F1-BAAE-FEAD8A2E821F}.Release|Any CPU.Build.0 = Release|Any CPU
		{773F5C98-0835-46F1-BAAE-FEAD8A2E821F}.Release|x64.ActiveCfg = Release|Any CPU
		{773F5C98-0835-46F1-BAAE-FEAD8A2E821F}.Release|x64.Build.0 = Release|Any CPU
		{773F5C98-0835-46F1-BAAE-FEAD8A2E821F}.Release|x86.ActiveCfg = Release|Any CPU
		{773F5C98-0835-46F1-BAAE-FEAD8A2E821F}.Release|x86.Build.0 = Release|Any CPU
	EndGlobalSection
	GlobalSection(SolutionProperties) = preSolution
		HideSolutionNode = FALSE
	EndGlobalSection
	GlobalSection(NestedProjects) = preSolution
		{03CC42A2-7664-4B95-BFD9-551A2B7EEC2E} = {827E0CD3-B72D-47B6-A68D-7590B98EB39B}
		{4D864CDD-D887-4E15-9FFD-1AFDE47D61EB} = {827E0CD3-B72D-47B6-A68D-7590B98EB39B}
		{A53825B4-E8A6-4A94-8016-3F3405EADCF9} = {827E0CD3-B72D-47B6-A68D-7590B98EB39B}
		{1F0756E7-332B-44C7-9EC7-EDADE05CCE0E} = {827E0CD3-B72D-47B6-A68D-7590B98EB39B}
		{ADECC239-6FCC-4FAC-8A1F-329FC1FB0EBE} = {827E0CD3-B72D-47B6-A68D-7590B98EB39B}
		{4D1375A5-BA09-1F76-F437-B7AA1C08D2E1} = {827E0CD3-B72D-47B6-A68D-7590B98EB39B}
		{4C8967D1-9F9A-48B8-AA58-2B50BB620EAD} = {4D1375A5-BA09-1F76-F437-B7AA1C08D2E1}
		{ADD76EDA-30DB-46F9-8640-591AB496EFEB} = {827E0CD3-B72D-47B6-A68D-7590B98EB39B}
		{997BFE3A-F133-43D4-8789-D0D6BD3E4731} = {827E0CD3-B72D-47B6-A68D-7590B98EB39B}
		{690C49E7-356B-408B-A20A-E04A289D19A3} = {827E0CD3-B72D-47B6-A68D-7590B98EB39B}
		{773F5C98-0835-46F1-BAAE-FEAD8A2E821F} = {827E0CD3-B72D-47B6-A68D-7590B98EB39B}
	EndGlobalSection
EndGlobal
