
Microsoft Visual Studio Solution File, Format Version 12.00
# Visual Studio Version 17
VisualStudioVersion = 17.0.31903.59
MinimumVisualStudioVersion = 10.0.40219.1
Project("{2150E333-8FDC-42A3-9474-1A3956D46DE8}") = "src", "src", "{827E0CD3-B72D-47B6-A68D-7590B98EB39B}"
EndProject
Project("{FAE04EC0-301F-11D3-BF4B-00C04F79EFBC}") = "Simulator.Core", "src\Simulator.Core\Simulator.Core.csproj", "{2B24C5B4-C11A-467C-9668-78A282D094A9}"
EndProject
Project("{FAE04EC0-301F-11D3-BF4B-00C04F79EFBC}") = "Simulator.Assets", "src\Simulator.Assets\Simulator.Assets.csproj", "{58EF271E-211A-4D52-8815-648758BB73E4}"
EndProject
Project("{FAE04EC0-301F-11D3-BF4B-00C04F79EFBC}") = "Simulator.Editors", "src\Simulator.Editors\Simulator.Editors.csproj", "{387846DB-25DF-45AB-A304-30FCFB48B9D2}"
EndProject
Project("{FAE04EC0-301F-11D3-BF4B-00C04F79EFBC}") = "Simulator.Runtime", "src\Simulator.Runtime\Simulator.Runtime.csproj", "{C526E355-4237-424B-AE99-10D070E855D0}"
EndProject
Project("{FAE04EC0-301F-11D3-BF4B-00C04F79EFBC}") = "Simulator.ThreeD", "src\Simulator.ThreeD\Simulator.ThreeD.csproj", "{A1D07E07-7B5D-4E67-8CB5-338F6FE5B9F6}"
EndProject
Project("{FAE04EC0-301F-11D3-BF4B-00C04F79EFBC}") = "Simulator.Decision", "src\Simulator.Decision\Simulator.Decision.csproj", "{5E9D0AF1-02A8-4FD5-8A4E-5F9C0A9A9805}"
EndProject
Global
	GlobalSection(SolutionConfigurationPlatforms) = preSolution
		Debug|Any CPU = Debug|Any CPU
		Debug|x64 = Debug|x64
		Debug|x86 = Debug|x86
		Release|Any CPU = Release|Any CPU
		Release|x64 = Release|x64
		Release|x86 = Release|x86
	EndGlobalSection
	GlobalSection(ProjectConfigurationPlatforms) = postSolution
		{2B24C5B4-C11A-467C-9668-78A282D094A9}.Debug|Any CPU.ActiveCfg = Debug|Any CPU
		{2B24C5B4-C11A-467C-9668-78A282D094A9}.Debug|Any CPU.Build.0 = Debug|Any CPU
		{2B24C5B4-C11A-467C-9668-78A282D094A9}.Debug|x64.ActiveCfg = Debug|Any CPU
		{2B24C5B4-C11A-467C-9668-78A282D094A9}.Debug|x64.Build.0 = Debug|Any CPU
		{2B24C5B4-C11A-467C-9668-78A282D094A9}.Debug|x86.ActiveCfg = Debug|Any CPU
		{2B24C5B4-C11A-467C-9668-78A282D094A9}.Debug|x86.Build.0 = Debug|Any CPU
		{2B24C5B4-C11A-467C-9668-78A282D094A9}.Release|Any CPU.ActiveCfg = Release|Any CPU
		{2B24C5B4-C11A-467C-9668-78A282D094A9}.Release|Any CPU.Build.0 = Release|Any CPU
		{2B24C5B4-C11A-467C-9668-78A282D094A9}.Release|x64.ActiveCfg = Release|Any CPU
		{2B24C5B4-C11A-467C-9668-78A282D094A9}.Release|x64.Build.0 = Release|Any CPU
		{2B24C5B4-C11A-467C-9668-78A282D094A9}.Release|x86.ActiveCfg = Release|Any CPU
		{2B24C5B4-C11A-467C-9668-78A282D094A9}.Release|x86.Build.0 = Release|Any CPU
		{58EF271E-211A-4D52-8815-648758BB73E4}.Debug|Any CPU.ActiveCfg = Debug|Any CPU
		{58EF271E-211A-4D52-8815-648758BB73E4}.Debug|Any CPU.Build.0 = Debug|Any CPU
		{58EF271E-211A-4D52-8815-648758BB73E4}.Debug|x64.ActiveCfg = Debug|Any CPU
		{58EF271E-211A-4D52-8815-648758BB73E4}.Debug|x64.Build.0 = Debug|Any CPU
		{58EF271E-211A-4D52-8815-648758BB73E4}.Debug|x86.ActiveCfg = Debug|Any CPU
		{58EF271E-211A-4D52-8815-648758BB73E4}.Debug|x86.Build.0 = Debug|Any CPU
		{58EF271E-211A-4D52-8815-648758BB73E4}.Release|Any CPU.ActiveCfg = Release|Any CPU
		{58EF271E-211A-4D52-8815-648758BB73E4}.Release|Any CPU.Build.0 = Release|Any CPU
		{58EF271E-211A-4D52-8815-648758BB73E4}.Release|x64.ActiveCfg = Release|Any CPU
		{58EF271E-211A-4D52-8815-648758BB73E4}.Release|x64.Build.0 = Release|Any CPU
		{58EF271E-211A-4D52-8815-648758BB73E4}.Release|x86.ActiveCfg = Release|Any CPU
		{58EF271E-211A-4D52-8815-648758BB73E4}.Release|x86.Build.0 = Release|Any CPU
		{387846DB-25DF-45AB-A304-30FCFB48B9D2}.Debug|Any CPU.ActiveCfg = Debug|Any CPU
		{387846DB-25DF-45AB-A304-30FCFB48B9D2}.Debug|Any CPU.Build.0 = Debug|Any CPU
		{387846DB-25DF-45AB-A304-30FCFB48B9D2}.Debug|x64.ActiveCfg = Debug|Any CPU
		{387846DB-25DF-45AB-A304-30FCFB48B9D2}.Debug|x64.Build.0 = Debug|Any CPU
		{387846DB-25DF-45AB-A304-30FCFB48B9D2}.Debug|x86.ActiveCfg = Debug|Any CPU
		{387846DB-25DF-45AB-A304-30FCFB48B9D2}.Debug|x86.Build.0 = Debug|Any CPU
		{387846DB-25DF-45AB-A304-30FCFB48B9D2}.Release|Any CPU.ActiveCfg = Release|Any CPU
		{387846DB-25DF-45AB-A304-30FCFB48B9D2}.Release|Any CPU.Build.0 = Release|Any CPU
		{387846DB-25DF-45AB-A304-30FCFB48B9D2}.Release|x64.ActiveCfg = Release|Any CPU
		{387846DB-25DF-45AB-A304-30FCFB48B9D2}.Release|x64.Build.0 = Release|Any CPU
		{387846DB-25DF-45AB-A304-30FCFB48B9D2}.Release|x86.ActiveCfg = Release|Any CPU
		{387846DB-25DF-45AB-A304-30FCFB48B9D2}.Release|x86.Build.0 = Release|Any CPU
		{C526E355-4237-424B-AE99-10D070E855D0}.Debug|Any CPU.ActiveCfg = Debug|Any CPU
		{C526E355-4237-424B-AE99-10D070E855D0}.Debug|Any CPU.Build.0 = Debug|Any CPU
		{C526E355-4237-424B-AE99-10D070E855D0}.Debug|x64.ActiveCfg = Debug|Any CPU
		{C526E355-4237-424B-AE99-10D070E855D0}.Debug|x64.Build.0 = Debug|Any CPU
		{C526E355-4237-424B-AE99-10D070E855D0}.Debug|x86.ActiveCfg = Debug|Any CPU
		{C526E355-4237-424B-AE99-10D070E855D0}.Debug|x86.Build.0 = Debug|Any CPU
		{C526E355-4237-424B-AE99-10D070E855D0}.Release|Any CPU.ActiveCfg = Release|Any CPU
		{C526E355-4237-424B-AE99-10D070E855D0}.Release|Any CPU.Build.0 = Release|Any CPU
		{C526E355-4237-424B-AE99-10D070E855D0}.Release|x64.ActiveCfg = Release|Any CPU
		{C526E355-4237-424B-AE99-10D070E855D0}.Release|x64.Build.0 = Release|Any CPU
		{C526E355-4237-424B-AE99-10D070E855D0}.Release|x86.ActiveCfg = Release|Any CPU
		{C526E355-4237-424B-AE99-10D070E855D0}.Release|x86.Build.0 = Release|Any CPU
		{A1D07E07-7B5D-4E67-8CB5-338F6FE5B9F6}.Debug|Any CPU.ActiveCfg = Debug|Any CPU
		{A1D07E07-7B5D-4E67-8CB5-338F6FE5B9F6}.Debug|Any CPU.Build.0 = Debug|Any CPU
		{A1D07E07-7B5D-4E67-8CB5-338F6FE5B9F6}.Debug|x64.ActiveCfg = Debug|Any CPU
		{A1D07E07-7B5D-4E67-8CB5-338F6FE5B9F6}.Debug|x64.Build.0 = Debug|Any CPU
		{A1D07E07-7B5D-4E67-8CB5-338F6FE5B9F6}.Debug|x86.ActiveCfg = Debug|Any CPU
		{A1D07E07-7B5D-4E67-8CB5-338F6FE5B9F6}.Debug|x86.Build.0 = Debug|Any CPU
		{A1D07E07-7B5D-4E67-8CB5-338F6FE5B9F6}.Release|Any CPU.ActiveCfg = Release|Any CPU
		{A1D07E07-7B5D-4E67-8CB5-338F6FE5B9F6}.Release|Any CPU.Build.0 = Release|Any CPU
		{A1D07E07-7B5D-4E67-8CB5-338F6FE5B9F6}.Release|x64.ActiveCfg = Release|Any CPU
		{A1D07E07-7B5D-4E67-8CB5-338F6FE5B9F6}.Release|x64.Build.0 = Release|Any CPU
		{A1D07E07-7B5D-4E67-8CB5-338F6FE5B9F6}.Release|x86.ActiveCfg = Release|Any CPU
		{A1D07E07-7B5D-4E67-8CB5-338F6FE5B9F6}.Release|x86.Build.0 = Release|Any CPU
		{5E9D0AF1-02A8-4FD5-8A4E-5F9C0A9A9805}.Debug|Any CPU.ActiveCfg = Debug|Any CPU
		{5E9D0AF1-02A8-4FD5-8A4E-5F9C0A9A9805}.Debug|Any CPU.Build.0 = Debug|Any CPU
		{5E9D0AF1-02A8-4FD5-8A4E-5F9C0A9A9805}.Debug|x64.ActiveCfg = Debug|Any CPU
		{5E9D0AF1-02A8-4FD5-8A4E-5F9C0A9A9805}.Debug|x64.Build.0 = Debug|Any CPU
		{5E9D0AF1-02A8-4FD5-8A4E-5F9C0A9A9805}.Debug|x86.ActiveCfg = Debug|Any CPU
		{5E9D0AF1-02A8-4FD5-8A4E-5F9C0A9A9805}.Debug|x86.Build.0 = Debug|Any CPU
		{5E9D0AF1-02A8-4FD5-8A4E-5F9C0A9A9805}.Release|Any CPU.ActiveCfg = Release|Any CPU
		{5E9D0AF1-02A8-4FD5-8A4E-5F9C0A9A9805}.Release|Any CPU.Build.0 = Release|Any CPU
		{5E9D0AF1-02A8-4FD5-8A4E-5F9C0A9A9805}.Release|x64.ActiveCfg = Release|Any CPU
		{5E9D0AF1-02A8-4FD5-8A4E-5F9C0A9A9805}.Release|x64.Build.0 = Release|Any CPU
		{5E9D0AF1-02A8-4FD5-8A4E-5F9C0A9A9805}.Release|x86.ActiveCfg = Release|Any CPU
		{5E9D0AF1-02A8-4FD5-8A4E-5F9C0A9A9805}.Release|x86.Build.0 = Release|Any CPU
	EndGlobalSection
	GlobalSection(SolutionProperties) = preSolution
		HideSolutionNode = FALSE
	EndGlobalSection
	GlobalSection(NestedProjects) = preSolution
		{2B24C5B4-C11A-467C-9668-78A282D094A9} = {827E0CD3-B72D-47B6-A68D-7590B98EB39B}
		{58EF271E-211A-4D52-8815-648758BB73E4} = {827E0CD3-B72D-47B6-A68D-7590B98EB39B}
		{387846DB-25DF-45AB-A304-30FCFB48B9D2} = {827E0CD3-B72D-47B6-A68D-7590B98EB39B}
		{C526E355-4237-424B-AE99-10D070E855D0} = {827E0CD3-B72D-47B6-A68D-7590B98EB39B}
		{A1D07E07-7B5D-4E67-8CB5-338F6FE5B9F6} = {827E0CD3-B72D-47B6-A68D-7590B98EB39B}
		{5E9D0AF1-02A8-4FD5-8A4E-5F9C0A9A9805} = {827E0CD3-B72D-47B6-A68D-7590B98EB39B}
	EndGlobalSection
EndGlobal
