
Microsoft Visual Studio Solution File, Format Version 12.00
# Visual Studio Version 17
Project("{8BC9CEB8-8B4A-11D0-8D11-00A0C91BC942}") = "ALL_BUILD", "ALL_BUILD.vcxproj", "{5FB86957-EE63-33A8-B69A-B11329657135}"
	ProjectSection(ProjectDependencies) = postProject
		{3C03159E-AFD0-35A0-BF23-EFCF9442B769} = {3C03159E-AFD0-35A0-BF23-EFCF9442B769}
		{0CAB8D02-B84B-315D-A536-37FEA61B0AA4} = {0CAB8D02-B84B-315D-A536-37FEA61B0AA4}
	EndProjectSection
EndProject
Project("{8BC9CEB8-8B4A-11D0-8D11-00A0C91BC942}") = "INSTALL", "INSTALL.vcxproj", "{F064C58B-1142-3C87-AAE7-A2584C9AB16F}"
	ProjectSection(ProjectDependencies) = postProject
		{5FB86957-EE63-33A8-B69A-B11329657135} = {5FB86957-EE63-33A8-B69A-B11329657135}
		{3C03159E-AFD0-35A0-BF23-EFCF9442B769} = {3C03159E-AFD0-35A0-BF23-EFCF9442B769}
	EndProjectSection
EndProject
Project("{8BC9CEB8-8B4A-11D0-8D11-00A0C91BC942}") = "ZERO_CHECK", "ZERO_CHECK.vcxproj", "{3C03159E-AFD0-35A0-BF23-EFCF9442B769}"
	ProjectSection(ProjectDependencies) = postProject
	EndProjectSection
EndProject
Project("{8BC9CEB8-8B4A-11D0-8D11-00A0C91BC942}") = "rm26_native", "rm26_native.vcxproj", "{0CAB8D02-B84B-315D-A536-37FEA61B0AA4}"
	ProjectSection(ProjectDependencies) = postProject
		{3C03159E-AFD0-35A0-BF23-EFCF9442B769} = {3C03159E-AFD0-35A0-BF23-EFCF9442B769}
	EndProjectSection
EndProject
Global
	GlobalSection(SolutionConfigurationPlatforms) = preSolution
		Debug|x64 = Debug|x64
		Release|x64 = Release|x64
		MinSizeRel|x64 = MinSizeRel|x64
		RelWithDebInfo|x64 = RelWithDebInfo|x64
	EndGlobalSection
	GlobalSection(ProjectConfigurationPlatforms) = postSolution
		{5FB86957-EE63-33A8-B69A-B11329657135}.Debug|x64.ActiveCfg = Debug|x64
		{5FB86957-EE63-33A8-B69A-B11329657135}.Debug|x64.Build.0 = Debug|x64
		{5FB86957-EE63-33A8-B69A-B11329657135}.Release|x64.ActiveCfg = Release|x64
		{5FB86957-EE63-33A8-B69A-B11329657135}.Release|x64.Build.0 = Release|x64
		{5FB86957-EE63-33A8-B69A-B11329657135}.MinSizeRel|x64.ActiveCfg = MinSizeRel|x64
		{5FB86957-EE63-33A8-B69A-B11329657135}.MinSizeRel|x64.Build.0 = MinSizeRel|x64
		{5FB86957-EE63-33A8-B69A-B11329657135}.RelWithDebInfo|x64.ActiveCfg = RelWithDebInfo|x64
		{5FB86957-EE63-33A8-B69A-B11329657135}.RelWithDebInfo|x64.Build.0 = RelWithDebInfo|x64
		{F064C58B-1142-3C87-AAE7-A2584C9AB16F}.Debug|x64.ActiveCfg = Debug|x64
		{F064C58B-1142-3C87-AAE7-A2584C9AB16F}.Release|x64.ActiveCfg = Release|x64
		{F064C58B-1142-3C87-AAE7-A2584C9AB16F}.MinSizeRel|x64.ActiveCfg = MinSizeRel|x64
		{F064C58B-1142-3C87-AAE7-A2584C9AB16F}.RelWithDebInfo|x64.ActiveCfg = RelWithDebInfo|x64
		{3C03159E-AFD0-35A0-BF23-EFCF9442B769}.Debug|x64.ActiveCfg = Debug|x64
		{3C03159E-AFD0-35A0-BF23-EFCF9442B769}.Debug|x64.Build.0 = Debug|x64
		{3C03159E-AFD0-35A0-BF23-EFCF9442B769}.Release|x64.ActiveCfg = Release|x64
		{3C03159E-AFD0-35A0-BF23-EFCF9442B769}.Release|x64.Build.0 = Release|x64
		{3C03159E-AFD0-35A0-BF23-EFCF9442B769}.MinSizeRel|x64.ActiveCfg = MinSizeRel|x64
		{3C03159E-AFD0-35A0-BF23-EFCF9442B769}.MinSizeRel|x64.Build.0 = MinSizeRel|x64
		{3C03159E-AFD0-35A0-BF23-EFCF9442B769}.RelWithDebInfo|x64.ActiveCfg = RelWithDebInfo|x64
		{3C03159E-AFD0-35A0-BF23-EFCF9442B769}.RelWithDebInfo|x64.Build.0 = RelWithDebInfo|x64
		{0CAB8D02-B84B-315D-A536-37FEA61B0AA4}.Debug|x64.ActiveCfg = Debug|x64
		{0CAB8D02-B84B-315D-A536-37FEA61B0AA4}.Debug|x64.Build.0 = Debug|x64
		{0CAB8D02-B84B-315D-A536-37FEA61B0AA4}.Release|x64.ActiveCfg = Release|x64
		{0CAB8D02-B84B-315D-A536-37FEA61B0AA4}.Release|x64.Build.0 = Release|x64
		{0CAB8D02-B84B-315D-A536-37FEA61B0AA4}.MinSizeRel|x64.ActiveCfg = MinSizeRel|x64
		{0CAB8D02-B84B-315D-A536-37FEA61B0AA4}.MinSizeRel|x64.Build.0 = MinSizeRel|x64
		{0CAB8D02-B84B-315D-A536-37FEA61B0AA4}.RelWithDebInfo|x64.ActiveCfg = RelWithDebInfo|x64
		{0CAB8D02-B84B-315D-A536-37FEA61B0AA4}.RelWithDebInfo|x64.Build.0 = RelWithDebInfo|x64
	EndGlobalSection
	GlobalSection(ExtensibilityGlobals) = postSolution
		SolutionGuid = {03483C13-D480-32C8-BE67-088099C2B29E}
	EndGlobalSection
	GlobalSection(ExtensibilityAddIns) = postSolution
	EndGlobalSection
EndGlobal
