<?xml version="1.0" encoding="utf-8"?>
<Project ToolsVersion="17.0" xmlns="http://schemas.microsoft.com/developer/msbuild/2003">
  <ItemGroup>
    <ClCompile Include="E:\Artinx\260111new\sentryBehaviorSimulator\cpp\src\module.cpp">
      <Filter>Source Files</Filter>
    </ClCompile>
    <ClCompile Include="E:\Artinx\260111new\sentryBehaviorSimulator\Engine\src\Python\ModuleRuntime.cpp">
      <Filter>Source Files</Filter>
    </ClCompile>
    <ClCompile Include="E:\Artinx\260111new\sentryBehaviorSimulator\Engine\src\Renderer\NativeRenderer.cpp">
      <Filter>Source Files</Filter>
    </ClCompile>
    <ClCompile Include="E:\Artinx\260111new\sentryBehaviorSimulator\Engine\src\Physics\NativePhysics.cpp">
      <Filter>Source Files</Filter>
    </ClCompile>
  </ItemGroup>
  <ItemGroup>
    <CustomBuild Include="E:\Artinx\260111new\sentryBehaviorSimulator\cpp\CMakeLists.txt" />
  </ItemGroup>
  <ItemGroup>
    <Filter Include="Source Files">
      <UniqueIdentifier>{BCF4CA81-6A6B-3E59-98DA-AC15DE5CCA35}</UniqueIdentifier>
    </Filter>
  </ItemGroup>
</Project>
