{
  "version": 3,
  "targets": {
    "net9.0-windows7.0": {
      "BepuPhysics/2.4.0": {
        "type": "package",
        "dependencies": {
          "BepuUtilities": "2.4.0"
        },
        "compile": {
          "lib/net6.0/BepuPhysics.dll": {
            "related": ".xml"
          }
        },
        "runtime": {
          "lib/net6.0/BepuPhysics.dll": {
            "related": ".xml"
          }
        }
      },
      "BepuUtilities/2.4.0": {
        "type": "package",
        "compile": {
          "lib/net6.0/BepuUtilities.dll": {
            "related": ".xml"
          }
        },
        "runtime": {
          "lib/net6.0/BepuUtilities.dll": {
            "related": ".xml"
          }
        }
      },
      "Simulator.Assets/1.0.0": {
        "type": "project",
        "framework": ".NETCoreApp,Version=v9.0",
        "dependencies": {
          "Simulator.Core": "1.0.0"
        },
        "compile": {
          "bin/placeholder/Simulator.Assets.dll": {}
        },
        "runtime": {
          "bin/placeholder/Simulator.Assets.dll": {}
        }
      },
      "Simulator.Core/1.0.0": {
        "type": "project",
        "framework": ".NETCoreApp,Version=v9.0",
        "compile": {
          "bin/placeholder/Simulator.Core.dll": {}
        },
        "runtime": {
          "bin/placeholder/Simulator.Core.dll": {}
        }
      },
      "Simulator.Editors/1.0.0": {
        "type": "project",
        "framework": ".NETCoreApp,Version=v9.0",
        "dependencies": {
          "Simulator.Assets": "1.0.0",
          "Simulator.Core": "1.0.0"
        },
        "compile": {
          "bin/placeholder/Simulator.Editors.dll": {}
        },
        "runtime": {
          "bin/placeholder/Simulator.Editors.dll": {}
        }
      }
    }
  },
  "libraries": {
    "BepuPhysics/2.4.0": {
      "sha512": "Ck/BJgSQrBqYrj0T9jGljDdHNILBP5kTPTylc7N/hCzR1XJJc7p6ORzwtjTfjgoYkkdajvLHxEQv6BRC8kaysQ==",
      "type": "package",
      "path": "bepuphysics/2.4.0",
      "files": [
        ".nupkg.metadata",
        ".signature.p7s",
        "bepuphysics.2.4.0.nupkg.sha512",
        "bepuphysics.nuspec",
        "bepuphysicslogo256.png",
        "lib/net6.0/BepuPhysics.dll",
        "lib/net6.0/BepuPhysics.xml"
      ]
    },
    "BepuUtilities/2.4.0": {
      "sha512": "KNMxkzKLHAvV7jRtErxs3rPv71fHToqo/WN96HlT6iomWuwL97tohEbt0B1WA8A6sO5t6PP+qF08d4T9A8k2uA==",
      "type": "package",
      "path": "bepuutilities/2.4.0",
      "files": [
        ".nupkg.metadata",
        ".signature.p7s",
        "bepuphysicslogo256.png",
        "bepuutilities.2.4.0.nupkg.sha512",
        "bepuutilities.nuspec",
        "lib/net6.0/BepuUtilities.dll",
        "lib/net6.0/BepuUtilities.xml"
      ]
    },
    "Simulator.Assets/1.0.0": {
      "type": "project",
      "path": "../Simulator.Assets/Simulator.Assets.csproj",
      "msbuildProject": "../Simulator.Assets/Simulator.Assets.csproj"
    },
    "Simulator.Core/1.0.0": {
      "type": "project",
      "path": "../Simulator.Core/Simulator.Core.csproj",
      "msbuildProject": "../Simulator.Core/Simulator.Core.csproj"
    },
    "Simulator.Editors/1.0.0": {
      "type": "project",
      "path": "../Simulator.Editors/Simulator.Editors.csproj",
      "msbuildProject": "../Simulator.Editors/Simulator.Editors.csproj"
    }
  },
  "projectFileDependencyGroups": {
    "net9.0-windows7.0": [
      "BepuPhysics >= 2.4.0",
      "BepuUtilities >= 2.4.0",
      "Simulator.Assets >= 1.0.0",
      "Simulator.Core >= 1.0.0",
      "Simulator.Editors >= 1.0.0"
    ]
  },
  "packageFolders": {
    "C:\\Users\\kylin\\.nuget\\packages\\": {}
  },
  "project": {
    "version": "1.0.0",
    "restore": {
      "projectUniqueName": "E:\\Artinx\\260111new\\Simulator\\src\\Simulator.ThreeD\\Simulator.ThreeD.csproj",
      "projectName": "Simulator.ThreeD",
      "projectPath": "E:\\Artinx\\260111new\\Simulator\\src\\Simulator.ThreeD\\Simulator.ThreeD.csproj",
      "packagesPath": "C:\\Users\\kylin\\.nuget\\packages\\",
      "outputPath": "E:\\Artinx\\260111new\\Simulator\\src\\Simulator.ThreeD\\build_verify\\obj_energy_mechanism_sync\\",
      "projectStyle": "PackageReference",
      "configFilePaths": [
        "C:\\Users\\kylin\\AppData\\Roaming\\NuGet\\NuGet.Config"
      ],
      "originalTargetFrameworks": [
        "net9.0-windows"
      ],
      "sources": {
        "https://api.nuget.org/v3/index.json": {}
      },
      "frameworks": {
        "net9.0-windows7.0": {
          "targetAlias": "net9.0-windows",
          "projectReferences": {
            "E:\\Artinx\\260111new\\Simulator\\src\\Simulator.Assets\\Simulator.Assets.csproj": {
              "projectPath": "E:\\Artinx\\260111new\\Simulator\\src\\Simulator.Assets\\Simulator.Assets.csproj"
            },
            "E:\\Artinx\\260111new\\Simulator\\src\\Simulator.Core\\Simulator.Core.csproj": {
              "projectPath": "E:\\Artinx\\260111new\\Simulator\\src\\Simulator.Core\\Simulator.Core.csproj"
            },
            "E:\\Artinx\\260111new\\Simulator\\src\\Simulator.Editors\\Simulator.Editors.csproj": {
              "projectPath": "E:\\Artinx\\260111new\\Simulator\\src\\Simulator.Editors\\Simulator.Editors.csproj"
            }
          }
        }
      },
      "warningProperties": {
        "warnAsError": [
          "NU1605"
        ]
      },
      "restoreAuditProperties": {
        "enableAudit": "true",
        "auditLevel": "low",
        "auditMode": "direct"
      },
      "SdkAnalysisLevel": "9.0.300"
    },
    "frameworks": {
      "net9.0-windows7.0": {
        "targetAlias": "net9.0-windows",
        "dependencies": {
          "BepuPhysics": {
            "target": "Package",
            "version": "[2.4.0, )"
          },
          "BepuUtilities": {
            "target": "Package",
            "version": "[2.4.0, )"
          }
        },
        "imports": [
          "net461",
          "net462",
          "net47",
          "net471",
          "net472",
          "net48",
          "net481"
        ],
        "assetTargetFallback": true,
        "warn": true,
        "frameworkReferences": {
          "Microsoft.NETCore.App": {
            "privateAssets": "all"
          },
          "Microsoft.WindowsDesktop.App.WindowsForms": {
            "privateAssets": "none"
          }
        },
        "runtimeIdentifierGraphPath": "C:\\Program Files\\dotnet\\sdk\\9.0.312/PortableRuntimeIdentifierGraph.json"
      }
    }
  }
}